{
  "requires": true,
  "lockfileVersion": 1,
  "dependencies": {
    "addresser": {
      "version": "1.1.19",
      "resolved": "https://registry.npmjs.org/addresser/-/addresser-1.1.19.tgz",
      "integrity": "sha512-H1gn214SFJLfdNnNtQzJ2mWaCQW9JTzAmUftWyuMiyqjpyp2s9YzcMMxHIaFk42eH0PDE2koHQWBPAk7KbFNmA=="
    }
  }
}
