
Microsoft Visual Studio Solution File, Format Version 12.00
# Visual Studio Version 16
VisualStudioVersion = 16.0.29021.104
MinimumVisualStudioVersion = 10.0.40219.1
Project("{2150E333-8FDC-42A3-9474-1A3956D46DE8}") = "Solution Items", "Solution Items", "{15E38D17-ECED-49D4-A161-38EC79E795E9}"
	ProjectSection(SolutionItems) = preProject
		.gitignore = .gitignore
		LICENSE = LICENSE
		README.md = README.md
	EndProjectSection
EndProject
Project("{2150E333-8FDC-42A3-9474-1A3956D46DE8}") = "src", "src", "{8910D093-A9E5-482C-80FE-4569E34927B0}"
EndProject
Project("{9A19103F-16F7-4668-BE54-9A1E7A4F7556}") = "TRAISI.Data", "src\TRAISI.Data\TRAISI.Data.csproj", "{A6389D9B-6C27-457A-BC42-AD509DE717F2}"
EndProject
Project("{9A19103F-16F7-4668-BE54-9A1E7A4F7556}") = "TRAISI", "src\TRAISI\TRAISI.csproj", "{D03955C9-BCDB-4C49-B531-D4A822A3AA02}"
	ProjectSection(ProjectDependencies) = postProject
		{EC23B30D-19D5-478A-BE1A-58E06A661C63} = {EC23B30D-19D5-478A-BE1A-58E06A661C63}
	EndProjectSection
EndProject
Project("{9A19103F-16F7-4668-BE54-9A1E7A4F7556}") = "TRAISI.SDK", "src\TRAISI.SDK\TRAISI.SDK.csproj", "{B26DEF22-93FC-4327-95B7-8A26C4C9B86E}"
EndProject
Project("{9A19103F-16F7-4668-BE54-9A1E7A4F7556}") = "TRAISI.Questions", "src\TRAISI.Questions\TRAISI.Questions.csproj", "{EC23B30D-19D5-478A-BE1A-58E06A661C63}"
EndProject
Project("{2150E333-8FDC-42A3-9474-1A3956D46DE8}") = "test", "test", "{FD1415FB-E7A1-4172-A24C-4ACB0E914DEE}"
EndProject
Project("{9A19103F-16F7-4668-BE54-9A1E7A4F7556}") = "TRAISI.IntegrationTests", "test\TRAISI.IntegrationTests\TRAISI.IntegrationTests.csproj", "{FDF537FC-45CF-4891-902F-7F28733658EA}"
EndProject
Project("{9A19103F-16F7-4668-BE54-9A1E7A4F7556}") = "TRAISI.UnitTests", "test\TRAISI.UnitTests\TRAISI.UnitTests.csproj", "{77031B26-BD59-4439-9D1E-7A689EEE5DA9}"
EndProject
Project("{FAE04EC0-301F-11D3-BF4B-00C04F79EFBC}") = "TRAISI.Models", "src\TRAISI.Models\TRAISI.Models.csproj", "{FC857588-01F0-4639-89C1-47DF19F3E476}"
EndProject
Project("{FAE04EC0-301F-11D3-BF4B-00C04F79EFBC}") = "TRAISI.ResponseExporter", "src\TRAISI.ResponseExporter\TRAISI.ResponseExporter.csproj", "{FD40D6CE-C623-474B-9316-A1F3A0B317C2}"
EndProject
Global
	GlobalSection(SolutionConfigurationPlatforms) = preSolution
		Debug|Any CPU = Debug|Any CPU
		Debug|x64 = Debug|x64
		Debug|x86 = Debug|x86
		Release|Any CPU = Release|Any CPU
		Release|x64 = Release|x64
		Release|x86 = Release|x86
	EndGlobalSection
	GlobalSection(ProjectConfigurationPlatforms) = postSolution
		{A6389D9B-6C27-457A-BC42-AD509DE717F2}.Debug|Any CPU.ActiveCfg = Debug|Any CPU
		{A6389D9B-6C27-457A-BC42-AD509DE717F2}.Debug|Any CPU.Build.0 = Debug|Any CPU
		{A6389D9B-6C27-457A-BC42-AD509DE717F2}.Debug|x64.ActiveCfg = Debug|Any CPU
		{A6389D9B-6C27-457A-BC42-AD509DE717F2}.Debug|x64.Build.0 = Debug|Any CPU
		{A6389D9B-6C27-457A-BC42-AD509DE717F2}.Debug|x86.ActiveCfg = Debug|Any CPU
		{A6389D9B-6C27-457A-BC42-AD509DE717F2}.Debug|x86.Build.0 = Debug|Any CPU
		{A6389D9B-6C27-457A-BC42-AD509DE717F2}.Release|Any CPU.ActiveCfg = Release|Any CPU
		{A6389D9B-6C27-457A-BC42-AD509DE717F2}.Release|Any CPU.Build.0 = Release|Any CPU
		{A6389D9B-6C27-457A-BC42-AD509DE717F2}.Release|x64.ActiveCfg = Release|Any CPU
		{A6389D9B-6C27-457A-BC42-AD509DE717F2}.Release|x64.Build.0 = Release|Any CPU
		{A6389D9B-6C27-457A-BC42-AD509DE717F2}.Release|x86.ActiveCfg = Release|Any CPU
		{A6389D9B-6C27-457A-BC42-AD509DE717F2}.Release|x86.Build.0 = Release|Any CPU
		{D03955C9-BCDB-4C49-B531-D4A822A3AA02}.Debug|Any CPU.ActiveCfg = Debug|Any CPU
		{D03955C9-BCDB-4C49-B531-D4A822A3AA02}.Debug|Any CPU.Build.0 = Debug|Any CPU
		{D03955C9-BCDB-4C49-B531-D4A822A3AA02}.Debug|x64.ActiveCfg = Debug|Any CPU
		{D03955C9-BCDB-4C49-B531-D4A822A3AA02}.Debug|x64.Build.0 = Debug|Any CPU
		{D03955C9-BCDB-4C49-B531-D4A822A3AA02}.Debug|x86.ActiveCfg = Debug|Any CPU
		{D03955C9-BCDB-4C49-B531-D4A822A3AA02}.Debug|x86.Build.0 = Debug|Any CPU
		{D03955C9-BCDB-4C49-B531-D4A822A3AA02}.Release|Any CPU.ActiveCfg = Release|Any CPU
		{D03955C9-BCDB-4C49-B531-D4A822A3AA02}.Release|Any CPU.Build.0 = Release|Any CPU
		{D03955C9-BCDB-4C49-B531-D4A822A3AA02}.Release|x64.ActiveCfg = Release|Any CPU
		{D03955C9-BCDB-4C49-B531-D4A822A3AA02}.Release|x64.Build.0 = Release|Any CPU
		{D03955C9-BCDB-4C49-B531-D4A822A3AA02}.Release|x86.ActiveCfg = Release|Any CPU
		{D03955C9-BCDB-4C49-B531-D4A822A3AA02}.Release|x86.Build.0 = Release|Any CPU
		{B26DEF22-93FC-4327-95B7-8A26C4C9B86E}.Debug|Any CPU.ActiveCfg = Debug|Any CPU
		{B26DEF22-93FC-4327-95B7-8A26C4C9B86E}.Debug|Any CPU.Build.0 = Debug|Any CPU
		{B26DEF22-93FC-4327-95B7-8A26C4C9B86E}.Debug|x64.ActiveCfg = Debug|Any CPU
		{B26DEF22-93FC-4327-95B7-8A26C4C9B86E}.Debug|x64.Build.0 = Debug|Any CPU
		{B26DEF22-93FC-4327-95B7-8A26C4C9B86E}.Debug|x86.ActiveCfg = Debug|Any CPU
		{B26DEF22-93FC-4327-95B7-8A26C4C9B86E}.Debug|x86.Build.0 = Debug|Any CPU
		{B26DEF22-93FC-4327-95B7-8A26C4C9B86E}.Release|Any CPU.ActiveCfg = Release|Any CPU
		{B26DEF22-93FC-4327-95B7-8A26C4C9B86E}.Release|Any CPU.Build.0 = Release|Any CPU
		{B26DEF22-93FC-4327-95B7-8A26C4C9B86E}.Release|x64.ActiveCfg = Release|Any CPU
		{B26DEF22-93FC-4327-95B7-8A26C4C9B86E}.Release|x64.Build.0 = Release|Any CPU
		{B26DEF22-93FC-4327-95B7-8A26C4C9B86E}.Release|x86.ActiveCfg = Release|Any CPU
		{B26DEF22-93FC-4327-95B7-8A26C4C9B86E}.Release|x86.Build.0 = Release|Any CPU
		{EC23B30D-19D5-478A-BE1A-58E06A661C63}.Debug|Any CPU.ActiveCfg = Debug|Any CPU
		{EC23B30D-19D5-478A-BE1A-58E06A661C63}.Debug|Any CPU.Build.0 = Debug|Any CPU
		{EC23B30D-19D5-478A-BE1A-58E06A661C63}.Debug|x64.ActiveCfg = Debug|Any CPU
		{EC23B30D-19D5-478A-BE1A-58E06A661C63}.Debug|x64.Build.0 = Debug|Any CPU
		{EC23B30D-19D5-478A-BE1A-58E06A661C63}.Debug|x86.ActiveCfg = Debug|Any CPU
		{EC23B30D-19D5-478A-BE1A-58E06A661C63}.Debug|x86.Build.0 = Debug|Any CPU
		{EC23B30D-19D5-478A-BE1A-58E06A661C63}.Release|Any CPU.ActiveCfg = Release|Any CPU
		{EC23B30D-19D5-478A-BE1A-58E06A661C63}.Release|Any CPU.Build.0 = Release|Any CPU
		{EC23B30D-19D5-478A-BE1A-58E06A661C63}.Release|x64.ActiveCfg = Release|Any CPU
		{EC23B30D-19D5-478A-BE1A-58E06A661C63}.Release|x64.Build.0 = Release|Any CPU
		{EC23B30D-19D5-478A-BE1A-58E06A661C63}.Release|x86.ActiveCfg = Release|Any CPU
		{EC23B30D-19D5-478A-BE1A-58E06A661C63}.Release|x86.Build.0 = Release|Any CPU
		{FDF537FC-45CF-4891-902F-7F28733658EA}.Debug|Any CPU.ActiveCfg = Debug|Any CPU
		{FDF537FC-45CF-4891-902F-7F28733658EA}.Debug|Any CPU.Build.0 = Debug|Any CPU
		{FDF537FC-45CF-4891-902F-7F28733658EA}.Debug|x64.ActiveCfg = Debug|Any CPU
		{FDF537FC-45CF-4891-902F-7F28733658EA}.Debug|x64.Build.0 = Debug|Any CPU
		{FDF537FC-45CF-4891-902F-7F28733658EA}.Debug|x86.ActiveCfg = Debug|Any CPU
		{FDF537FC-45CF-4891-902F-7F28733658EA}.Debug|x86.Build.0 = Debug|Any CPU
		{FDF537FC-45CF-4891-902F-7F28733658EA}.Release|Any CPU.ActiveCfg = Release|Any CPU
		{FDF537FC-45CF-4891-902F-7F28733658EA}.Release|Any CPU.Build.0 = Release|Any CPU
		{FDF537FC-45CF-4891-902F-7F28733658EA}.Release|x64.ActiveCfg = Release|Any CPU
		{FDF537FC-45CF-4891-902F-7F28733658EA}.Release|x64.Build.0 = Release|Any CPU
		{FDF537FC-45CF-4891-902F-7F28733658EA}.Release|x86.ActiveCfg = Release|Any CPU
		{FDF537FC-45CF-4891-902F-7F28733658EA}.Release|x86.Build.0 = Release|Any CPU
		{77031B26-BD59-4439-9D1E-7A689EEE5DA9}.Debug|Any CPU.ActiveCfg = Debug|Any CPU
		{77031B26-BD59-4439-9D1E-7A689EEE5DA9}.Debug|Any CPU.Build.0 = Debug|Any CPU
		{77031B26-BD59-4439-9D1E-7A689EEE5DA9}.Debug|x64.ActiveCfg = Debug|Any CPU
		{77031B26-BD59-4439-9D1E-7A689EEE5DA9}.Debug|x64.Build.0 = Debug|Any CPU
		{77031B26-BD59-4439-9D1E-7A689EEE5DA9}.Debug|x86.ActiveCfg = Debug|Any CPU
		{77031B26-BD59-4439-9D1E-7A689EEE5DA9}.Debug|x86.Build.0 = Debug|Any CPU
		{77031B26-BD59-4439-9D1E-7A689EEE5DA9}.Release|Any CPU.ActiveCfg = Release|Any CPU
		{77031B26-BD59-4439-9D1E-7A689EEE5DA9}.Release|Any CPU.Build.0 = Release|Any CPU
		{77031B26-BD59-4439-9D1E-7A689EEE5DA9}.Release|x64.ActiveCfg = Release|Any CPU
		{77031B26-BD59-4439-9D1E-7A689EEE5DA9}.Release|x64.Build.0 = Release|Any CPU
		{77031B26-BD59-4439-9D1E-7A689EEE5DA9}.Release|x86.ActiveCfg = Release|Any CPU
		{77031B26-BD59-4439-9D1E-7A689EEE5DA9}.Release|x86.Build.0 = Release|Any CPU
		{FC857588-01F0-4639-89C1-47DF19F3E476}.Debug|Any CPU.ActiveCfg = Debug|Any CPU
		{FC857588-01F0-4639-89C1-47DF19F3E476}.Debug|Any CPU.Build.0 = Debug|Any CPU
		{FC857588-01F0-4639-89C1-47DF19F3E476}.Debug|x64.ActiveCfg = Debug|Any CPU
		{FC857588-01F0-4639-89C1-47DF19F3E476}.Debug|x64.Build.0 = Debug|Any CPU
		{FC857588-01F0-4639-89C1-47DF19F3E476}.Debug|x86.ActiveCfg = Debug|Any CPU
		{FC857588-01F0-4639-89C1-47DF19F3E476}.Debug|x86.Build.0 = Debug|Any CPU
		{FC857588-01F0-4639-89C1-47DF19F3E476}.Release|Any CPU.ActiveCfg = Release|Any CPU
		{FC857588-01F0-4639-89C1-47DF19F3E476}.Release|Any CPU.Build.0 = Release|Any CPU
		{FC857588-01F0-4639-89C1-47DF19F3E476}.Release|x64.ActiveCfg = Release|Any CPU
		{FC857588-01F0-4639-89C1-47DF19F3E476}.Release|x64.Build.0 = Release|Any CPU
		{FC857588-01F0-4639-89C1-47DF19F3E476}.Release|x86.ActiveCfg = Release|Any CPU
		{FC857588-01F0-4639-89C1-47DF19F3E476}.Release|x86.Build.0 = Release|Any CPU
		{FD40D6CE-C623-474B-9316-A1F3A0B317C2}.Debug|Any CPU.ActiveCfg = Debug|Any CPU
		{FD40D6CE-C623-474B-9316-A1F3A0B317C2}.Debug|Any CPU.Build.0 = Debug|Any CPU
		{FD40D6CE-C623-474B-9316-A1F3A0B317C2}.Debug|x64.ActiveCfg = Debug|Any CPU
		{FD40D6CE-C623-474B-9316-A1F3A0B317C2}.Debug|x64.Build.0 = Debug|Any CPU
		{FD40D6CE-C623-474B-9316-A1F3A0B317C2}.Debug|x86.ActiveCfg = Debug|Any CPU
		{FD40D6CE-C623-474B-9316-A1F3A0B317C2}.Debug|x86.Build.0 = Debug|Any CPU
		{FD40D6CE-C623-474B-9316-A1F3A0B317C2}.Release|Any CPU.ActiveCfg = Release|Any CPU
		{FD40D6CE-C623-474B-9316-A1F3A0B317C2}.Release|Any CPU.Build.0 = Release|Any CPU
		{FD40D6CE-C623-474B-9316-A1F3A0B317C2}.Release|x64.ActiveCfg = Release|Any CPU
		{FD40D6CE-C623-474B-9316-A1F3A0B317C2}.Release|x64.Build.0 = Release|Any CPU
		{FD40D6CE-C623-474B-9316-A1F3A0B317C2}.Release|x86.ActiveCfg = Release|Any CPU
		{FD40D6CE-C623-474B-9316-A1F3A0B317C2}.Release|x86.Build.0 = Release|Any CPU
	EndGlobalSection
	GlobalSection(SolutionProperties) = preSolution
		HideSolutionNode = FALSE
	EndGlobalSection
	GlobalSection(NestedProjects) = preSolution
		{A6389D9B-6C27-457A-BC42-AD509DE717F2} = {8910D093-A9E5-482C-80FE-4569E34927B0}
		{D03955C9-BCDB-4C49-B531-D4A822A3AA02} = {8910D093-A9E5-482C-80FE-4569E34927B0}
		{B26DEF22-93FC-4327-95B7-8A26C4C9B86E} = {8910D093-A9E5-482C-80FE-4569E34927B0}
		{EC23B30D-19D5-478A-BE1A-58E06A661C63} = {8910D093-A9E5-482C-80FE-4569E34927B0}
		{FDF537FC-45CF-4891-902F-7F28733658EA} = {FD1415FB-E7A1-4172-A24C-4ACB0E914DEE}
		{77031B26-BD59-4439-9D1E-7A689EEE5DA9} = {FD1415FB-E7A1-4172-A24C-4ACB0E914DEE}
		{FC857588-01F0-4639-89C1-47DF19F3E476} = {8910D093-A9E5-482C-80FE-4569E34927B0}
		{FD40D6CE-C623-474B-9316-A1F3A0B317C2} = {8910D093-A9E5-482C-80FE-4569E34927B0}
	EndGlobalSection
	GlobalSection(ExtensibilityGlobals) = postSolution
		SolutionGuid = {46C86587-3EE9-4CF2-966A-9160EF864A31}
	EndGlobalSection
EndGlobal
