{
  "name": "traisi-question-sdk",
  "version": "1.0.0",
  "lockfileVersion": 1,
  "requires": true,
  "dependencies": {
    "@angular/common": {
      "version": "6.1.6",
      "resolved": "https://registry.npmjs.org/@angular/common/-/common-6.1.6.tgz",
      "integrity": "sha512-aFQcfCB2vFfNqR6/e6R34JjFpIFmF3zqr6Ubti1PJOsRuhITZHG/qRYIYA7mh1KVkkf0VXC56B+8QzYbdGcKOQ==",
      "requires": {
        "tslib": "^1.9.0"
      }
    },
    "@angular/core": {
      "version": "6.1.6",
      "resolved": "https://registry.npmjs.org/@angular/core/-/core-6.1.6.tgz",
      "integrity": "sha512-RFkxNDq8iIfO1SaOuUYqOGD/pujMqifJ9FeVg8M2v7ucW01coXAG0IwqUEMMShQj3GGJGHj+F9BNswN7aD2uvw==",
      "requires": {
        "tslib": "^1.9.0"
      }
    },
    "rxjs": {
      "version": "6.0.0",
      "resolved": "https://registry.npmjs.org/rxjs/-/rxjs-6.0.0.tgz",
      "integrity": "sha512-2MgLQr1zvks8+Kip4T6hcJdiBhV+SIvxguoWjhwtSpNPTp/5e09HJbgclCwR/nW0yWzhubM+6Q0prl8G5RuoBA==",
      "requires": {
        "tslib": "^1.9.0"
      }
    },
    "tslib": {
      "version": "1.9.3",
      "resolved": "https://registry.npmjs.org/tslib/-/tslib-1.9.3.tgz",
      "integrity": "sha512-4krF8scpejhaOgqzBEcGM7yDIEfi0/8+8zDRZhNZZ2kjmHJ4hv3zCbQWxoJGz1iw5U0Jl0nma13xzHXcncMavQ=="
    },
    "typescript": {
      "version": "2.9.1",
      "resolved": "https://registry.npmjs.org/typescript/-/typescript-2.9.1.tgz",
      "integrity": "sha512-h6pM2f/GDchCFlldnriOhs1QHuwbnmj6/v7499eMHqPeW4V2G0elua2eIc2nu8v2NdHV0Gm+tzX83Hr6nUFjQA==",
      "dev": true
    }
  }
}
